
Microsoft Visual Studio Solution File, Format Version 12.00
Project("{2150E333-8FDC-42A3-9474-1A3956D46DE8}") = "Services", "Services", "{1FE42287-6FD0-4E5B-96FA-9058D745FB9A}"
EndProject
Project("{2150E333-8FDC-42A3-9474-1A3956D46DE8}") = "Catalog", "Catalog", "{77349E1E-5EE2-47CD-8C6A-FB05959BDCCE}"
EndProject
Project("{FAE04EC0-301F-11D3-BF4B-00C04F79EFBC}") = "Catalog.API", "Catalog\Catalog.API\Catalog.API.csproj", "{9401069A-7B58-4140-9704-A671F9C2DEE7}"
EndProject
Project("{2150E333-8FDC-42A3-9474-1A3956D46DE8}") = "Solution Items", "Solution Items", "{49A21C5F-7031-4EA2-949B-58DB01C7892A}"
	ProjectSection(SolutionItems) = preProject
		docker-compose.yml = docker-compose.yml
	EndProjectSection
EndProject
Project("{FAE04EC0-301F-11D3-BF4B-00C04F79EFBC}") = "Catalog.Core", "Catalog\Catalog.Core\Catalog.Core.csproj", "{625E663C-7F2F-4848-B6AE-6E6319ABA4FE}"
EndProject
Project("{FAE04EC0-301F-11D3-BF4B-00C04F79EFBC}") = "Catalog.Application", "Catalog\Catalog.Application\Catalog.Application.csproj", "{CADEFB5E-6535-487C-A039-991BB817D6A5}"
EndProject
Project("{FAE04EC0-301F-11D3-BF4B-00C04F79EFBC}") = "Catalog.Infrastructure", "Catalog\Catalog.Infrastructure\Catalog.Infrastructure.csproj", "{F5C8DB0B-3C21-48B9-BDA2-44A1F91855A0}"
EndProject
Project("{2150E333-8FDC-42A3-9474-1A3956D46DE8}") = "Basket", "Basket", "{20516B3C-4798-40F9-B5B2-20B64CFA3EDB}"
EndProject
Project("{FAE04EC0-301F-11D3-BF4B-00C04F79EFBC}") = "Basket.API", "Basket\Basket.API\Basket.API.csproj", "{CBC2CD9D-1D3F-4237-95D6-35145D33CAF1}"
EndProject
Project("{FAE04EC0-301F-11D3-BF4B-00C04F79EFBC}") = "Basket.Application", "Basket\Basket.Application\Basket.Application.csproj", "{E355BC8E-8D00-49F8-9758-E17E892AF5CB}"
EndProject
Project("{FAE04EC0-301F-11D3-BF4B-00C04F79EFBC}") = "Basket.Core", "Basket\Basket.Core\Basket.Core.csproj", "{C3D7808E-B8BB-4C0E-ACFC-F05FDBC39F43}"
EndProject
Project("{FAE04EC0-301F-11D3-BF4B-00C04F79EFBC}") = "Basket.Infrastructure", "Basket\Basket.Infrastructure\Basket.Infrastructure.csproj", "{BFB336E5-B2F4-478E-B831-665F20EFA0C4}"
EndProject
Global
	GlobalSection(SolutionConfigurationPlatforms) = preSolution
		Debug|Any CPU = Debug|Any CPU
		Release|Any CPU = Release|Any CPU
	EndGlobalSection
	GlobalSection(NestedProjects) = preSolution
		{77349E1E-5EE2-47CD-8C6A-FB05959BDCCE} = {1FE42287-6FD0-4E5B-96FA-9058D745FB9A}
		{9401069A-7B58-4140-9704-A671F9C2DEE7} = {77349E1E-5EE2-47CD-8C6A-FB05959BDCCE}
		{625E663C-7F2F-4848-B6AE-6E6319ABA4FE} = {77349E1E-5EE2-47CD-8C6A-FB05959BDCCE}
		{CADEFB5E-6535-487C-A039-991BB817D6A5} = {77349E1E-5EE2-47CD-8C6A-FB05959BDCCE}
		{F5C8DB0B-3C21-48B9-BDA2-44A1F91855A0} = {77349E1E-5EE2-47CD-8C6A-FB05959BDCCE}
		{20516B3C-4798-40F9-B5B2-20B64CFA3EDB} = {1FE42287-6FD0-4E5B-96FA-9058D745FB9A}
		{CBC2CD9D-1D3F-4237-95D6-35145D33CAF1} = {20516B3C-4798-40F9-B5B2-20B64CFA3EDB}
		{E355BC8E-8D00-49F8-9758-E17E892AF5CB} = {20516B3C-4798-40F9-B5B2-20B64CFA3EDB}
		{C3D7808E-B8BB-4C0E-ACFC-F05FDBC39F43} = {20516B3C-4798-40F9-B5B2-20B64CFA3EDB}
		{BFB336E5-B2F4-478E-B831-665F20EFA0C4} = {20516B3C-4798-40F9-B5B2-20B64CFA3EDB}
	EndGlobalSection
	GlobalSection(ProjectConfigurationPlatforms) = postSolution
		{9401069A-7B58-4140-9704-A671F9C2DEE7}.Debug|Any CPU.ActiveCfg = Debug|Any CPU
		{9401069A-7B58-4140-9704-A671F9C2DEE7}.Debug|Any CPU.Build.0 = Debug|Any CPU
		{9401069A-7B58-4140-9704-A671F9C2DEE7}.Release|Any CPU.ActiveCfg = Release|Any CPU
		{9401069A-7B58-4140-9704-A671F9C2DEE7}.Release|Any CPU.Build.0 = Release|Any CPU
		{625E663C-7F2F-4848-B6AE-6E6319ABA4FE}.Debug|Any CPU.ActiveCfg = Debug|Any CPU
		{625E663C-7F2F-4848-B6AE-6E6319ABA4FE}.Debug|Any CPU.Build.0 = Debug|Any CPU
		{625E663C-7F2F-4848-B6AE-6E6319ABA4FE}.Release|Any CPU.ActiveCfg = Release|Any CPU
		{625E663C-7F2F-4848-B6AE-6E6319ABA4FE}.Release|Any CPU.Build.0 = Release|Any CPU
		{CADEFB5E-6535-487C-A039-991BB817D6A5}.Debug|Any CPU.ActiveCfg = Debug|Any CPU
		{CADEFB5E-6535-487C-A039-991BB817D6A5}.Debug|Any CPU.Build.0 = Debug|Any CPU
		{CADEFB5E-6535-487C-A039-991BB817D6A5}.Release|Any CPU.ActiveCfg = Release|Any CPU
		{CADEFB5E-6535-487C-A039-991BB817D6A5}.Release|Any CPU.Build.0 = Release|Any CPU
		{F5C8DB0B-3C21-48B9-BDA2-44A1F91855A0}.Debug|Any CPU.ActiveCfg = Debug|Any CPU
		{F5C8DB0B-3C21-48B9-BDA2-44A1F91855A0}.Debug|Any CPU.Build.0 = Debug|Any CPU
		{F5C8DB0B-3C21-48B9-BDA2-44A1F91855A0}.Release|Any CPU.ActiveCfg = Release|Any CPU
		{F5C8DB0B-3C21-48B9-BDA2-44A1F91855A0}.Release|Any CPU.Build.0 = Release|Any CPU
		{CBC2CD9D-1D3F-4237-95D6-35145D33CAF1}.Debug|Any CPU.ActiveCfg = Debug|Any CPU
		{CBC2CD9D-1D3F-4237-95D6-35145D33CAF1}.Debug|Any CPU.Build.0 = Debug|Any CPU
		{CBC2CD9D-1D3F-4237-95D6-35145D33CAF1}.Release|Any CPU.ActiveCfg = Release|Any CPU
		{CBC2CD9D-1D3F-4237-95D6-35145D33CAF1}.Release|Any CPU.Build.0 = Release|Any CPU
		{E355BC8E-8D00-49F8-9758-E17E892AF5CB}.Debug|Any CPU.ActiveCfg = Debug|Any CPU
		{E355BC8E-8D00-49F8-9758-E17E892AF5CB}.Debug|Any CPU.Build.0 = Debug|Any CPU
		{E355BC8E-8D00-49F8-9758-E17E892AF5CB}.Release|Any CPU.ActiveCfg = Release|Any CPU
		{E355BC8E-8D00-49F8-9758-E17E892AF5CB}.Release|Any CPU.Build.0 = Release|Any CPU
		{C3D7808E-B8BB-4C0E-ACFC-F05FDBC39F43}.Debug|Any CPU.ActiveCfg = Debug|Any CPU
		{C3D7808E-B8BB-4C0E-ACFC-F05FDBC39F43}.Debug|Any CPU.Build.0 = Debug|Any CPU
		{C3D7808E-B8BB-4C0E-ACFC-F05FDBC39F43}.Release|Any CPU.ActiveCfg = Release|Any CPU
		{C3D7808E-B8BB-4C0E-ACFC-F05FDBC39F43}.Release|Any CPU.Build.0 = Release|Any CPU
		{BFB336E5-B2F4-478E-B831-665F20EFA0C4}.Debug|Any CPU.ActiveCfg = Debug|Any CPU
		{BFB336E5-B2F4-478E-B831-665F20EFA0C4}.Debug|Any CPU.Build.0 = Debug|Any CPU
		{BFB336E5-B2F4-478E-B831-665F20EFA0C4}.Release|Any CPU.ActiveCfg = Release|Any CPU
		{BFB336E5-B2F4-478E-B831-665F20EFA0C4}.Release|Any CPU.Build.0 = Release|Any CPU
	EndGlobalSection
EndGlobal
